
Microsoft Visual Studio Solution File, Format Version 12.00
# Visual Studio Version 17
VisualStudioVersion = 17.12.35728.132
MinimumVisualStudioVersion = 10.0.40219.1
Project("{FAE04EC0-301F-11D3-BF4B-00C04F79EFBC}") = "test2", "test2\test2.csproj", "{BFD192B2-825D-493F-8EF7-D37717824F87}"
EndProject
Project("{FAE04EC0-301F-11D3-BF4B-00C04F79EFBC}") = "Employee", "Employee\Employee.csproj", "{EA1849AC-1A95-445F-92CE-4BE376573AA6}"
EndProject
Project("{FAE04EC0-301F-11D3-BF4B-00C04F79EFBC}") = "test3", "test3\test3.csproj", "{45661FD6-8537-43FD-9F03-5B30EEFDB755}"
EndProject
Project("{FAE04EC0-301F-11D3-BF4B-00C04F79EFBC}") = "testd", "testd\testd.csproj", "{E8DB3F32-B7BC-47F4-AEC3-B43CD2868EB2}"
EndProject
Global
	GlobalSection(SolutionConfigurationPlatforms) = preSolution
		Debug|Any CPU = Debug|Any CPU
		Release|Any CPU = Release|Any CPU
	EndGlobalSection
	GlobalSection(ProjectConfigurationPlatforms) = postSolution
		{BFD192B2-825D-493F-8EF7-D37717824F87}.Debug|Any CPU.ActiveCfg = Debug|Any CPU
		{BFD192B2-825D-493F-8EF7-D37717824F87}.Debug|Any CPU.Build.0 = Debug|Any CPU
		{BFD192B2-825D-493F-8EF7-D37717824F87}.Release|Any CPU.ActiveCfg = Release|Any CPU
		{BFD192B2-825D-493F-8EF7-D37717824F87}.Release|Any CPU.Build.0 = Release|Any CPU
		{EA1849AC-1A95-445F-92CE-4BE376573AA6}.Debug|Any CPU.ActiveCfg = Debug|Any CPU
		{EA1849AC-1A95-445F-92CE-4BE376573AA6}.Debug|Any CPU.Build.0 = Debug|Any CPU
		{EA1849AC-1A95-445F-92CE-4BE376573AA6}.Release|Any CPU.ActiveCfg = Release|Any CPU
		{EA1849AC-1A95-445F-92CE-4BE376573AA6}.Release|Any CPU.Build.0 = Release|Any CPU
		{45661FD6-8537-43FD-9F03-5B30EEFDB755}.Debug|Any CPU.ActiveCfg = Debug|Any CPU
		{45661FD6-8537-43FD-9F03-5B30EEFDB755}.Debug|Any CPU.Build.0 = Debug|Any CPU
		{45661FD6-8537-43FD-9F03-5B30EEFDB755}.Release|Any CPU.ActiveCfg = Release|Any CPU
		{45661FD6-8537-43FD-9F03-5B30EEFDB755}.Release|Any CPU.Build.0 = Release|Any CPU
		{E8DB3F32-B7BC-47F4-AEC3-B43CD2868EB2}.Debug|Any CPU.ActiveCfg = Debug|Any CPU
		{E8DB3F32-B7BC-47F4-AEC3-B43CD2868EB2}.Debug|Any CPU.Build.0 = Debug|Any CPU
		{E8DB3F32-B7BC-47F4-AEC3-B43CD2868EB2}.Release|Any CPU.ActiveCfg = Release|Any CPU
		{E8DB3F32-B7BC-47F4-AEC3-B43CD2868EB2}.Release|Any CPU.Build.0 = Release|Any CPU
	EndGlobalSection
	GlobalSection(SolutionProperties) = preSolution
		HideSolutionNode = FALSE
	EndGlobalSection
EndGlobal
